
Microsoft Visual Studio Solution File, Format Version 12.00
# Visual Studio Version 17
VisualStudioVersion = 17.9.34728.123
MinimumVisualStudioVersion = 10.0.40219.1
Project("{E24C65DC-7377-472B-9ABA-BC803B73C61A}") = "Zilla_Fit", "Zilla_Fit\", "{59FF2743-4E8C-48EE-9977-8D80C88C6DB0}"
	ProjectSection(WebsiteProperties) = preProject
		TargetFrameworkMoniker = ".NETFramework,Version%3Dv4.7.2"
		Debug.AspNetCompiler.VirtualPath = "/localhost_59559"
		Debug.AspNetCompiler.PhysicalPath = "Zilla_Fit\"
		Debug.AspNetCompiler.TargetPath = "PrecompiledWeb\localhost_59559\"
		Debug.AspNetCompiler.Updateable = "true"
		Debug.AspNetCompiler.ForceOverwrite = "true"
		Debug.AspNetCompiler.FixedNames = "false"
		Debug.AspNetCompiler.Debug = "True"
		Release.AspNetCompiler.VirtualPath = "/localhost_59559"
		Release.AspNetCompiler.PhysicalPath = "Zilla_Fit\"
		Release.AspNetCompiler.TargetPath = "PrecompiledWeb\localhost_59559\"
		Release.AspNetCompiler.Updateable = "true"
		Release.AspNetCompiler.ForceOverwrite = "true"
		Release.AspNetCompiler.FixedNames = "false"
		Release.AspNetCompiler.Debug = "False"
		VWDPort = "59559"
		SlnRelativePath = "Zilla_Fit\"
		DefaultWebSiteLanguage = "Visual C#"
	EndProjectSection
EndProject
Global
	GlobalSection(SolutionConfigurationPlatforms) = preSolution
		Debug|Any CPU = Debug|Any CPU
	EndGlobalSection
	GlobalSection(ProjectConfigurationPlatforms) = postSolution
		{59FF2743-4E8C-48EE-9977-8D80C88C6DB0}.Debug|Any CPU.ActiveCfg = Debug|Any CPU
		{59FF2743-4E8C-48EE-9977-8D80C88C6DB0}.Debug|Any CPU.Build.0 = Debug|Any CPU
	EndGlobalSection
	GlobalSection(SolutionProperties) = preSolution
		HideSolutionNode = FALSE
	EndGlobalSection
	GlobalSection(ExtensibilityGlobals) = postSolution
		SolutionGuid = {652CE7E8-8B48-4D3C-B9BA-C49A806AF9B0}
	EndGlobalSection
EndGlobal
